<?xml version="1.0" encoding="UTF-8" standalone="yes" ?>
<CodeBlocks_project_file>
	<FileVersion major="1" minor="6" />
	<Project>
		<Option title="rpc_server" />
		<Option pch_mode="2" />
		<Option compiler="gcc" />
		<Build>
			<Target title="Debug">
				<Option output="bin/Debug/rpc_server" prefix_auto="1" extension_auto="1" />
				<Option object_output="obj/Debug/" />
				<Option type="1" />
				<Option compiler="gcc" />
				<Compiler>
					<Add option="-g" />
					<Add option="-DLINUX_ENV" />
					<Add directory="src" />
				</Compiler>
			</Target>
			<Target title="Release">
				<Option output="bin/Release/rpc_server" prefix_auto="1" extension_auto="1" />
				<Option object_output="obj/Release/" />
				<Option type="1" />
				<Option compiler="gcc" />
				<Compiler>
					<Add option="-O2" />
				</Compiler>
				<Linker>
					<Add option="-s" />
				</Linker>
			</Target>
		</Build>
		<Compiler>
			<Add option="-Wall" />
		</Compiler>
		<Unit filename="server.c">
			<Option compilerVar="CC" />
		</Unit>
		<Unit filename="src/cJSON.c">
			<Option compilerVar="CC" />
		</Unit>
		<Unit filename="src/cJSON.h" />
		<Unit filename="src/config.h" />
		<Unit filename="src/net_comm.c">
			<Option compilerVar="CC" />
		</Unit>
		<Unit filename="src/net_comm.h" />
		<Unit filename="src/net_scheduler.c">
			<Option compilerVar="CC" />
		</Unit>
		<Unit filename="src/net_scheduler.h" />
		<Unit filename="src/net_server.c">
			<Option compilerVar="CC" />
		</Unit>
		<Unit filename="src/net_server.h" />
		<Unit filename="src/net_service.c">
			<Option compilerVar="CC" />
		</Unit>
		<Unit filename="src/net_service.h" />
		<Unit filename="src/net_session.c">
			<Option compilerVar="CC" />
		</Unit>
		<Unit filename="src/net_session.h" />
		<Unit filename="src/rscf_list.h" />
		<Extensions>
			<code_completion />
			<debugger />
		</Extensions>
	</Project>
</CodeBlocks_project_file>
